// !$*UTF8*$!
{
	archiveVersion = 1;
	classes = {
	};
	objectVersion = 46;
	objects = {

/* Begin PBXBuildFile section */
		BC147A971926728F00FB6C6B /* CardMatchingGame.m in Sources */ = {isa = PBXBuildFile; fileRef = BC147A961926728F00FB6C6B /* CardMatchingGame.m */; };
		BC6D82FB1940BAE80035AA67 /* SetCard.m in Sources */ = {isa = PBXBuildFile; fileRef = BC6D82FA1940BAE80035AA67 /* SetCard.m */; };
		BC6D82FE1940BB120035AA67 /* SetCardDeck.m in Sources */ = {isa = PBXBuildFile; fileRef = BC6D82FD1940BB120035AA67 /* SetCardDeck.m */; };
		BC6D83011940BE860035AA67 /* SetCardGameViewController.m in Sources */ = {isa = PBXBuildFile; fileRef = BC6D83001940BE860035AA67 /* SetCardGameViewController.m */; };
		BC6D83041940BE9C0035AA67 /* PlayingCardGameViewController.m in Sources */ = {isa = PBXBuildFile; fileRef = BC6D83031940BE9C0035AA67 /* PlayingCardGameViewController.m */; };
		BCB1C5971922BEA400B61400 /* Foundation.framework in Frameworks */ = {isa = PBXBuildFile; fileRef = BCB1C5961922BEA300B61400 /* Foundation.framework */; };
		BCB1C5991922BEA400B61400 /* CoreGraphics.framework in Frameworks */ = {isa = PBXBuildFile; fileRef = BCB1C5981922BEA400B61400 /* CoreGraphics.framework */; };
		BCB1C59B1922BEA400B61400 /* UIKit.framework in Frameworks */ = {isa = PBXBuildFile; fileRef = BCB1C59A1922BEA400B61400 /* UIKit.framework */; };
		BCB1C5A11922BEA400B61400 /* InfoPlist.strings in Resources */ = {isa = PBXBuildFile; fileRef = BCB1C59F1922BEA400B61400 /* InfoPlist.strings */; };
		BCB1C5A31922BEA400B61400 /* main.m in Sources */ = {isa = PBXBuildFile; fileRef = BCB1C5A21922BEA400B61400 /* main.m */; };
		BCB1C5A71922BEA400B61400 /* cardGameAppDelegate.m in Sources */ = {isa = PBXBuildFile; fileRef = BCB1C5A61922BEA400B61400 /* cardGameAppDelegate.m */; };
		BCB1C5AA1922BEA400B61400 /* Main.storyboard in Resources */ = {isa = PBXBuildFile; fileRef = BCB1C5A81922BEA400B61400 /* Main.storyboard */; };
		BCB1C5AD1922BEA400B61400 /* cardGameViewController.m in Sources */ = {isa = PBXBuildFile; fileRef = BCB1C5AC1922BEA400B61400 /* cardGameViewController.m */; };
		BCB1C5AF1922BEA400B61400 /* Images.xcassets in Resources */ = {isa = PBXBuildFile; fileRef = BCB1C5AE1922BEA400B61400 /* Images.xcassets */; };
		BCB1C5B61922BEA400B61400 /* XCTest.framework in Frameworks */ = {isa = PBXBuildFile; fileRef = BCB1C5B51922BEA400B61400 /* XCTest.framework */; };
		BCB1C5B71922BEA400B61400 /* Foundation.framework in Frameworks */ = {isa = PBXBuildFile; fileRef = BCB1C5961922BEA300B61400 /* Foundation.framework */; };
		BCB1C5B81922BEA400B61400 /* UIKit.framework in Frameworks */ = {isa = PBXBuildFile; fileRef = BCB1C59A1922BEA400B61400 /* UIKit.framework */; };
		BCB1C5C01922BEA500B61400 /* InfoPlist.strings in Resources */ = {isa = PBXBuildFile; fileRef = BCB1C5BE1922BEA500B61400 /* InfoPlist.strings */; };
		BCB1C5C21922BEA500B61400 /* CardGameTests.m in Sources */ = {isa = PBXBuildFile; fileRef = BCB1C5C11922BEA500B61400 /* CardGameTests.m */; };
		BCB1C5CD1922BF7100B61400 /* Card.m in Sources */ = {isa = PBXBuildFile; fileRef = BCB1C5CC1922BF7100B61400 /* Card.m */; };
		BCB1C5D11922C22300B61400 /* Deck.m in Sources */ = {isa = PBXBuildFile; fileRef = BCB1C5D01922C22300B61400 /* Deck.m */; };
		BCB1C5D41922C59400B61400 /* PlayingCard.m in Sources */ = {isa = PBXBuildFile; fileRef = BCB1C5D31922C59400B61400 /* PlayingCard.m */; };
		BCB1C5D71922E59800B61400 /* PlayingCardDeck.m in Sources */ = {isa = PBXBuildFile; fileRef = BCB1C5D61922E59800B61400 /* PlayingCardDeck.m */; };
/* End PBXBuildFile section */

/* Begin PBXContainerItemProxy section */
		BCB1C5B91922BEA400B61400 /* PBXContainerItemProxy */ = {
			isa = PBXContainerItemProxy;
			containerPortal = BCB1C58B1922BEA300B61400 /* Project object */;
			proxyType = 1;
			remoteGlobalIDString = BCB1C5921922BEA300B61400;
			remoteInfo = CardGame;
		};
/* End PBXContainerItemProxy section */

/* Begin PBXFileReference section */
		BC147A951926728F00FB6C6B /* CardMatchingGame.h */ = {isa = PBXFileReference; fileEncoding = 4; lastKnownFileType = sourcecode.c.h; path = CardMatchingGame.h; sourceTree = "<group>"; };
		BC147A961926728F00FB6C6B /* CardMatchingGame.m */ = {isa = PBXFileReference; fileEncoding = 4; lastKnownFileType = sourcecode.c.objc; path = CardMatchingGame.m; sourceTree = "<group>"; };
		BC6D82F91940BAE80035AA67 /* SetCard.h */ = {isa = PBXFileReference; fileEncoding = 4; lastKnownFileType = sourcecode.c.h; path = SetCard.h; sourceTree = "<group>"; };
		BC6D82FA1940BAE80035AA67 /* SetCard.m */ = {isa = PBXFileReference; fileEncoding = 4; lastKnownFileType = sourcecode.c.objc; path = SetCard.m; sourceTree = "<group>"; };
		BC6D82FC1940BB120035AA67 /* SetCardDeck.h */ = {isa = PBXFileReference; fileEncoding = 4; lastKnownFileType = sourcecode.c.h; path = SetCardDeck.h; sourceTree = "<group>"; };
		BC6D82FD1940BB120035AA67 /* SetCardDeck.m */ = {isa = PBXFileReference; fileEncoding = 4; lastKnownFileType = sourcecode.c.objc; path = SetCardDeck.m; sourceTree = "<group>"; };
		BC6D82FF1940BE860035AA67 /* SetCardGameViewController.h */ = {isa = PBXFileReference; fileEncoding = 4; lastKnownFileType = sourcecode.c.h; path = SetCardGameViewController.h; sourceTree = "<group>"; };
		BC6D83001940BE860035AA67 /* SetCardGameViewController.m */ = {isa = PBXFileReference; fileEncoding = 4; lastKnownFileType = sourcecode.c.objc; path = SetCardGameViewController.m; sourceTree = "<group>"; };
		BC6D83021940BE9C0035AA67 /* PlayingCardGameViewController.h */ = {isa = PBXFileReference; fileEncoding = 4; lastKnownFileType = sourcecode.c.h; path = PlayingCardGameViewController.h; sourceTree = "<group>"; };
		BC6D83031940BE9C0035AA67 /* PlayingCardGameViewController.m */ = {isa = PBXFileReference; fileEncoding = 4; lastKnownFileType = sourcecode.c.objc; path = PlayingCardGameViewController.m; sourceTree = "<group>"; };
		BCB1C5931922BEA300B61400 /* CardGame.app */ = {isa = PBXFileReference; explicitFileType = wrapper.application; includeInIndex = 0; path = CardGame.app; sourceTree = BUILT_PRODUCTS_DIR; };
		BCB1C5961922BEA300B61400 /* Foundation.framework */ = {isa = PBXFileReference; lastKnownFileType = wrapper.framework; name = Foundation.framework; path = System/Library/Frameworks/Foundation.framework; sourceTree = SDKROOT; };
		BCB1C5981922BEA400B61400 /* CoreGraphics.framework */ = {isa = PBXFileReference; lastKnownFileType = wrapper.framework; name = CoreGraphics.framework; path = System/Library/Frameworks/CoreGraphics.framework; sourceTree = SDKROOT; };
		BCB1C59A1922BEA400B61400 /* UIKit.framework */ = {isa = PBXFileReference; lastKnownFileType = wrapper.framework; name = UIKit.framework; path = System/Library/Frameworks/UIKit.framework; sourceTree = SDKROOT; };
		BCB1C59E1922BEA400B61400 /* CardGame-Info.plist */ = {isa = PBXFileReference; lastKnownFileType = text.plist.xml; path = "CardGame-Info.plist"; sourceTree = "<group>"; };
		BCB1C5A01922BEA400B61400 /* en */ = {isa = PBXFileReference; lastKnownFileType = text.plist.strings; name = en; path = en.lproj/InfoPlist.strings; sourceTree = "<group>"; };
		BCB1C5A21922BEA400B61400 /* main.m */ = {isa = PBXFileReference; lastKnownFileType = sourcecode.c.objc; path = main.m; sourceTree = "<group>"; };
		BCB1C5A41922BEA400B61400 /* CardGame-Prefix.pch */ = {isa = PBXFileReference; lastKnownFileType = sourcecode.c.h; path = "CardGame-Prefix.pch"; sourceTree = "<group>"; };
		BCB1C5A51922BEA400B61400 /* cardGameAppDelegate.h */ = {isa = PBXFileReference; lastKnownFileType = sourcecode.c.h; path = cardGameAppDelegate.h; sourceTree = "<group>"; };
		BCB1C5A61922BEA400B61400 /* cardGameAppDelegate.m */ = {isa = PBXFileReference; lastKnownFileType = sourcecode.c.objc; path = cardGameAppDelegate.m; sourceTree = "<group>"; };
		BCB1C5A91922BEA400B61400 /* Base */ = {isa = PBXFileReference; lastKnownFileType = file.storyboard; name = Base; path = Base.lproj/Main.storyboard; sourceTree = "<group>"; };
		BCB1C5AB1922BEA400B61400 /* cardGameViewController.h */ = {isa = PBXFileReference; lastKnownFileType = sourcecode.c.h; path = cardGameViewController.h; sourceTree = "<group>"; };
		BCB1C5AC1922BEA400B61400 /* cardGameViewController.m */ = {isa = PBXFileReference; lastKnownFileType = sourcecode.c.objc; path = cardGameViewController.m; sourceTree = "<group>"; };
		BCB1C5AE1922BEA400B61400 /* Images.xcassets */ = {isa = PBXFileReference; lastKnownFileType = folder.assetcatalog; path = Images.xcassets; sourceTree = "<group>"; };
		BCB1C5B41922BEA400B61400 /* CardGameTests.xctest */ = {isa = PBXFileReference; explicitFileType = wrapper.cfbundle; includeInIndex = 0; path = CardGameTests.xctest; sourceTree = BUILT_PRODUCTS_DIR; };
		BCB1C5B51922BEA400B61400 /* XCTest.framework */ = {isa = PBXFileReference; lastKnownFileType = wrapper.framework; name = XCTest.framework; path = Library/Frameworks/XCTest.framework; sourceTree = DEVELOPER_DIR; };
		BCB1C5BD1922BEA400B61400 /* CardGameTests-Info.plist */ = {isa = PBXFileReference; lastKnownFileType = text.plist.xml; path = "CardGameTests-Info.plist"; sourceTree = "<group>"; };
		BCB1C5BF1922BEA500B61400 /* en */ = {isa = PBXFileReference; lastKnownFileType = text.plist.strings; name = en; path = en.lproj/InfoPlist.strings; sourceTree = "<group>"; };
		BCB1C5C11922BEA500B61400 /* CardGameTests.m */ = {isa = PBXFileReference; lastKnownFileType = sourcecode.c.objc; path = CardGameTests.m; sourceTree = "<group>"; };
		BCB1C5CB1922BF7100B61400 /* Card.h */ = {isa = PBXFileReference; fileEncoding = 4; lastKnownFileType = sourcecode.c.h; name = Card.h; path = CardGame/Model/Card.h; sourceTree = "<group>"; };
		BCB1C5CC1922BF7100B61400 /* Card.m */ = {isa = PBXFileReference; fileEncoding = 4; lastKnownFileType = sourcecode.c.objc; name = Card.m; path = CardGame/Model/Card.m; sourceTree = "<group>"; };
		BCB1C5CF1922C22300B61400 /* Deck.h */ = {isa = PBXFileReference; fileEncoding = 4; lastKnownFileType = sourcecode.c.h; name = Deck.h; path = CardGame/Model/Deck.h; sourceTree = "<group>"; };
		BCB1C5D01922C22300B61400 /* Deck.m */ = {isa = PBXFileReference; fileEncoding = 4; lastKnownFileType = sourcecode.c.objc; name = Deck.m; path = CardGame/Model/Deck.m; sourceTree = "<group>"; };
		BCB1C5D21922C59400B61400 /* PlayingCard.h */ = {isa = PBXFileReference; fileEncoding = 4; lastKnownFileType = sourcecode.c.h; name = PlayingCard.h; path = CardGame/Model/PlayingCard.h; sourceTree = "<group>"; };
		BCB1C5D31922C59400B61400 /* PlayingCard.m */ = {isa = PBXFileReference; fileEncoding = 4; lastKnownFileType = sourcecode.c.objc; name = PlayingCard.m; path = CardGame/Model/PlayingCard.m; sourceTree = "<group>"; };
		BCB1C5D51922E59800B61400 /* PlayingCardDeck.h */ = {isa = PBXFileReference; fileEncoding = 4; lastKnownFileType = sourcecode.c.h; name = PlayingCardDeck.h; path = CardGame/Model/PlayingCardDeck.h; sourceTree = "<group>"; };
		BCB1C5D61922E59800B61400 /* PlayingCardDeck.m */ = {isa = PBXFileReference; fileEncoding = 4; lastKnownFileType = sourcecode.c.objc; name = PlayingCardDeck.m; path = CardGame/Model/PlayingCardDeck.m; sourceTree = "<group>"; };
/* End PBXFileReference section */

/* Begin PBXFrameworksBuildPhase section */
		BCB1C5901922BEA300B61400 /* Frameworks */ = {
			isa = PBXFrameworksBuildPhase;
			buildActionMask = 2147483647;
			files = (
				BCB1C5991922BEA400B61400 /* CoreGraphics.framework in Frameworks */,
				BCB1C59B1922BEA400B61400 /* UIKit.framework in Frameworks */,
				BCB1C5971922BEA400B61400 /* Foundation.framework in Frameworks */,
			);
			runOnlyForDeploymentPostprocessing = 0;
		};
		BCB1C5B11922BEA400B61400 /* Frameworks */ = {
			isa = PBXFrameworksBuildPhase;
			buildActionMask = 2147483647;
			files = (
				BCB1C5B61922BEA400B61400 /* XCTest.framework in Frameworks */,
				BCB1C5B81922BEA400B61400 /* UIKit.framework in Frameworks */,
				BCB1C5B71922BEA400B61400 /* Foundation.framework in Frameworks */,
			);
			runOnlyForDeploymentPostprocessing = 0;
		};
/* End PBXFrameworksBuildPhase section */

/* Begin PBXGroup section */
		BC6D82F71940B8000035AA67 /* Set Card */ = {
			isa = PBXGroup;
			children = (
				BC6D82F91940BAE80035AA67 /* SetCard.h */,
				BC6D82FA1940BAE80035AA67 /* SetCard.m */,
				BC6D82FC1940BB120035AA67 /* SetCardDeck.h */,
				BC6D82FD1940BB120035AA67 /* SetCardDeck.m */,
			);
			name = "Set Card";
			sourceTree = "<group>";
		};
		BC6D82F81940B8050035AA67 /* Playing Card */ = {
			isa = PBXGroup;
			children = (
				BCB1C5D21922C59400B61400 /* PlayingCard.h */,
				BCB1C5D31922C59400B61400 /* PlayingCard.m */,
				BCB1C5D51922E59800B61400 /* PlayingCardDeck.h */,
				BCB1C5D61922E59800B61400 /* PlayingCardDeck.m */,
			);
			name = "Playing Card";
			sourceTree = "<group>";
		};
		BCB1C58A1922BEA300B61400 = {
			isa = PBXGroup;
			children = (
				BCB1C59C1922BEA400B61400 /* CardGame */,
				BCB1C5BB1922BEA400B61400 /* CardGameTests */,
				BCB1C5951922BEA300B61400 /* Frameworks */,
				BCB1C5941922BEA300B61400 /* Products */,
			);
			sourceTree = "<group>";
		};
		BCB1C5941922BEA300B61400 /* Products */ = {
			isa = PBXGroup;
			children = (
				BCB1C5931922BEA300B61400 /* CardGame.app */,
				BCB1C5B41922BEA400B61400 /* CardGameTests.xctest */,
			);
			name = Products;
			sourceTree = "<group>";
		};
		BCB1C5951922BEA300B61400 /* Frameworks */ = {
			isa = PBXGroup;
			children = (
				BCB1C5961922BEA300B61400 /* Foundation.framework */,
				BCB1C5981922BEA400B61400 /* CoreGraphics.framework */,
				BCB1C59A1922BEA400B61400 /* UIKit.framework */,
				BCB1C5B51922BEA400B61400 /* XCTest.framework */,
			);
			name = Frameworks;
			sourceTree = "<group>";
		};
		BCB1C59C1922BEA400B61400 /* CardGame */ = {
			isa = PBXGroup;
			children = (
				BCB1C5CE1922BF8B00B61400 /* Model */,
				BCB1C5A81922BEA400B61400 /* Main.storyboard */,
				BC6D82FF1940BE860035AA67 /* SetCardGameViewController.h */,
				BC6D83001940BE860035AA67 /* SetCardGameViewController.m */,
				BC6D83021940BE9C0035AA67 /* PlayingCardGameViewController.h */,
				BC6D83031940BE9C0035AA67 /* PlayingCardGameViewController.m */,
				BCB1C5AB1922BEA400B61400 /* cardGameViewController.h */,
				BCB1C5AC1922BEA400B61400 /* cardGameViewController.m */,
				BCB1C5AE1922BEA400B61400 /* Images.xcassets */,
				BCB1C59D1922BEA400B61400 /* Supporting Files */,
			);
			path = CardGame;
			sourceTree = "<group>";
		};
		BCB1C59D1922BEA400B61400 /* Supporting Files */ = {
			isa = PBXGroup;
			children = (
				BCB1C5A51922BEA400B61400 /* cardGameAppDelegate.h */,
				BCB1C5A61922BEA400B61400 /* cardGameAppDelegate.m */,
				BCB1C59E1922BEA400B61400 /* CardGame-Info.plist */,
				BCB1C59F1922BEA400B61400 /* InfoPlist.strings */,
				BCB1C5A21922BEA400B61400 /* main.m */,
				BCB1C5A41922BEA400B61400 /* CardGame-Prefix.pch */,
			);
			name = "Supporting Files";
			sourceTree = "<group>";
		};
		BCB1C5BB1922BEA400B61400 /* CardGameTests */ = {
			isa = PBXGroup;
			children = (
				BCB1C5C11922BEA500B61400 /* CardGameTests.m */,
				BCB1C5BC1922BEA400B61400 /* Supporting Files */,
			);
			path = CardGameTests;
			sourceTree = "<group>";
		};
		BCB1C5BC1922BEA400B61400 /* Supporting Files */ = {
			isa = PBXGroup;
			children = (
				BCB1C5BD1922BEA400B61400 /* CardGameTests-Info.plist */,
				BCB1C5BE1922BEA500B61400 /* InfoPlist.strings */,
			);
			name = "Supporting Files";
			sourceTree = "<group>";
		};
		BCB1C5CE1922BF8B00B61400 /* Model */ = {
			isa = PBXGroup;
			children = (
				BC6D82F81940B8050035AA67 /* Playing Card */,
				BC6D82F71940B8000035AA67 /* Set Card */,
				BC147A951926728F00FB6C6B /* CardMatchingGame.h */,
				BC147A961926728F00FB6C6B /* CardMatchingGame.m */,
				BCB1C5CB1922BF7100B61400 /* Card.h */,
				BCB1C5CC1922BF7100B61400 /* Card.m */,
				BCB1C5CF1922C22300B61400 /* Deck.h */,
				BCB1C5D01922C22300B61400 /* Deck.m */,
			);
			name = Model;
			path = ..;
			sourceTree = "<group>";
		};
/* End PBXGroup section */

/* Begin PBXNativeTarget section */
		BCB1C5921922BEA300B61400 /* CardGame */ = {
			isa = PBXNativeTarget;
			buildConfigurationList = BCB1C5C51922BEA500B61400 /* Build configuration list for PBXNativeTarget "CardGame" */;
			buildPhases = (
				BCB1C58F1922BEA300B61400 /* Sources */,
				BCB1C5901922BEA300B61400 /* Frameworks */,
				BCB1C5911922BEA300B61400 /* Resources */,
			);
			buildRules = (
			);
			dependencies = (
			);
			name = CardGame;
			productName = CardGame;
			productReference = BCB1C5931922BEA300B61400 /* CardGame.app */;
			productType = "com.apple.product-type.application";
		};
		BCB1C5B31922BEA400B61400 /* CardGameTests */ = {
			isa = PBXNativeTarget;
			buildConfigurationList = BCB1C5C81922BEA500B61400 /* Build configuration list for PBXNativeTarget "CardGameTests" */;
			buildPhases = (
				BCB1C5B01922BEA400B61400 /* Sources */,
				BCB1C5B11922BEA400B61400 /* Frameworks */,
				BCB1C5B21922BEA400B61400 /* Resources */,
			);
			buildRules = (
			);
			dependencies = (
				BCB1C5BA1922BEA400B61400 /* PBXTargetDependency */,
			);
			name = CardGameTests;
			productName = CardGameTests;
			productReference = BCB1C5B41922BEA400B61400 /* CardGameTests.xctest */;
			productType = "com.apple.product-type.bundle.unit-test";
		};
/* End PBXNativeTarget section */

/* Begin PBXProject section */
		BCB1C58B1922BEA300B61400 /* Project object */ = {
			isa = PBXProject;
			attributes = {
				CLASSPREFIX = cardGame;
				LastUpgradeCheck = 0510;
				ORGANIZATIONNAME = nicole;
				TargetAttributes = {
					BCB1C5B31922BEA400B61400 = {
						TestTargetID = BCB1C5921922BEA300B61400;
					};
				};
			};
			buildConfigurationList = BCB1C58E1922BEA300B61400 /* Build configuration list for PBXProject "CardGame" */;
			compatibilityVersion = "Xcode 3.2";
			developmentRegion = English;
			hasScannedForEncodings = 0;
			knownRegions = (
				en,
				Base,
			);
			mainGroup = BCB1C58A1922BEA300B61400;
			productRefGroup = BCB1C5941922BEA300B61400 /* Products */;
			projectDirPath = "";
			projectRoot = "";
			targets = (
				BCB1C5921922BEA300B61400 /* CardGame */,
				BCB1C5B31922BEA400B61400 /* CardGameTests */,
			);
		};
/* End PBXProject section */

/* Begin PBXResourcesBuildPhase section */
		BCB1C5911922BEA300B61400 /* Resources */ = {
			isa = PBXResourcesBuildPhase;
			buildActionMask = 2147483647;
			files = (
				BCB1C5AF1922BEA400B61400 /* Images.xcassets in Resources */,
				BCB1C5A11922BEA400B61400 /* InfoPlist.strings in Resources */,
				BCB1C5AA1922BEA400B61400 /* Main.storyboard in Resources */,
			);
			runOnlyForDeploymentPostprocessing = 0;
		};
		BCB1C5B21922BEA400B61400 /* Resources */ = {
			isa = PBXResourcesBuildPhase;
			buildActionMask = 2147483647;
			files = (
				BCB1C5C01922BEA500B61400 /* InfoPlist.strings in Resources */,
			);
			runOnlyForDeploymentPostprocessing = 0;
		};
/* End PBXResourcesBuildPhase section */

/* Begin PBXSourcesBuildPhase section */
		BCB1C58F1922BEA300B61400 /* Sources */ = {
			isa = PBXSourcesBuildPhase;
			buildActionMask = 2147483647;
			files = (
				BCB1C5D41922C59400B61400 /* PlayingCard.m in Sources */,
				BCB1C5D11922C22300B61400 /* Deck.m in Sources */,
				BCB1C5AD1922BEA400B61400 /* cardGameViewController.m in Sources */,
				BCB1C5A71922BEA400B61400 /* cardGameAppDelegate.m in Sources */,
				BC147A971926728F00FB6C6B /* CardMatchingGame.m in Sources */,
				BC6D83041940BE9C0035AA67 /* PlayingCardGameViewController.m in Sources */,
				BC6D82FE1940BB120035AA67 /* SetCardDeck.m in Sources */,
				BC6D83011940BE860035AA67 /* SetCardGameViewController.m in Sources */,
				BCB1C5D71922E59800B61400 /* PlayingCardDeck.m in Sources */,
				BCB1C5A31922BEA400B61400 /* main.m in Sources */,
				BCB1C5CD1922BF7100B61400 /* Card.m in Sources */,
				BC6D82FB1940BAE80035AA67 /* SetCard.m in Sources */,
			);
			runOnlyForDeploymentPostprocessing = 0;
		};
		BCB1C5B01922BEA400B61400 /* Sources */ = {
			isa = PBXSourcesBuildPhase;
			buildActionMask = 2147483647;
			files = (
				BCB1C5C21922BEA500B61400 /* CardGameTests.m in Sources */,
			);
			runOnlyForDeploymentPostprocessing = 0;
		};
/* End PBXSourcesBuildPhase section */

/* Begin PBXTargetDependency section */
		BCB1C5BA1922BEA400B61400 /* PBXTargetDependency */ = {
			isa = PBXTargetDependency;
			target = BCB1C5921922BEA300B61400 /* CardGame */;
			targetProxy = BCB1C5B91922BEA400B61400 /* PBXContainerItemProxy */;
		};
/* End PBXTargetDependency section */

/* Begin PBXVariantGroup section */
		BCB1C59F1922BEA400B61400 /* InfoPlist.strings */ = {
			isa = PBXVariantGroup;
			children = (
				BCB1C5A01922BEA400B61400 /* en */,
			);
			name = InfoPlist.strings;
			sourceTree = "<group>";
		};
		BCB1C5A81922BEA400B61400 /* Main.storyboard */ = {
			isa = PBXVariantGroup;
			children = (
				BCB1C5A91922BEA400B61400 /* Base */,
			);
			name = Main.storyboard;
			sourceTree = "<group>";
		};
		BCB1C5BE1922BEA500B61400 /* InfoPlist.strings */ = {
			isa = PBXVariantGroup;
			children = (
				BCB1C5BF1922BEA500B61400 /* en */,
			);
			name = InfoPlist.strings;
			sourceTree = "<group>";
		};
/* End PBXVariantGroup section */

/* Begin XCBuildConfiguration section */
		BCB1C5C31922BEA500B61400 /* Debug */ = {
			isa = XCBuildConfiguration;
			buildSettings = {
				ALWAYS_SEARCH_USER_PATHS = NO;
				CLANG_CXX_LANGUAGE_STANDARD = "gnu++0x";
				CLANG_CXX_LIBRARY = "libc++";
				CLANG_ENABLE_MODULES = YES;
				CLANG_ENABLE_OBJC_ARC = YES;
				CLANG_WARN_BOOL_CONVERSION = YES;
				CLANG_WARN_CONSTANT_CONVERSION = YES;
				CLANG_WARN_DIRECT_OBJC_ISA_USAGE = YES_ERROR;
				CLANG_WARN_EMPTY_BODY = YES;
				CLANG_WARN_ENUM_CONVERSION = YES;
				CLANG_WARN_INT_CONVERSION = YES;
				CLANG_WARN_OBJC_ROOT_CLASS = YES_ERROR;
				CLANG_WARN__DUPLICATE_METHOD_MATCH = YES;
				"CODE_SIGN_IDENTITY[sdk=iphoneos*]" = "iPhone Developer";
				COPY_PHASE_STRIP = NO;
				GCC_C_LANGUAGE_STANDARD = gnu99;
				GCC_DYNAMIC_NO_PIC = NO;
				GCC_OPTIMIZATION_LEVEL = 0;
				GCC_PREPROCESSOR_DEFINITIONS = (
					"DEBUG=1",
					"$(inherited)",
				);
				GCC_SYMBOLS_PRIVATE_EXTERN = NO;
				GCC_WARN_64_TO_32_BIT_CONVERSION = YES;
				GCC_WARN_ABOUT_RETURN_TYPE = YES_ERROR;
				GCC_WARN_UNDECLARED_SELECTOR = YES;
				GCC_WARN_UNINITIALIZED_AUTOS = YES_AGGRESSIVE;
				GCC_WARN_UNUSED_FUNCTION = YES;
				GCC_WARN_UNUSED_VARIABLE = YES;
				IPHONEOS_DEPLOYMENT_TARGET = 7.1;
				ONLY_ACTIVE_ARCH = YES;
				SDKROOT = iphoneos;
			};
			name = Debug;
		};
		BCB1C5C41922BEA500B61400 /* Release */ = {
			isa = XCBuildConfiguration;
			buildSettings = {
				ALWAYS_SEARCH_USER_PATHS = NO;
				CLANG_CXX_LANGUAGE_STANDARD = "gnu++0x";
				CLANG_CXX_LIBRARY = "libc++";
				CLANG_ENABLE_MODULES = YES;
				CLANG_ENABLE_OBJC_ARC = YES;
				CLANG_WARN_BOOL_CONVERSION = YES;
				CLANG_WARN_CONSTANT_CONVERSION = YES;
				CLANG_WARN_DIRECT_OBJC_ISA_USAGE = YES_ERROR;
				CLANG_WARN_EMPTY_BODY = YES;
				CLANG_WARN_ENUM_CONVERSION = YES;
				CLANG_WARN_INT_CONVERSION = YES;
				CLANG_WARN_OBJC_ROOT_CLASS = YES_ERROR;
				CLANG_WARN__DUPLICATE_METHOD_MATCH = YES;
				"CODE_SIGN_IDENTITY[sdk=iphoneos*]" = "iPhone Developer";
				COPY_PHASE_STRIP = YES;
				ENABLE_NS_ASSERTIONS = NO;
				GCC_C_LANGUAGE_STANDARD = gnu99;
				GCC_WARN_64_TO_32_BIT_CONVERSION = YES;
				GCC_WARN_ABOUT_RETURN_TYPE = YES_ERROR;
				GCC_WARN_UNDECLARED_SELECTOR = YES;
				GCC_WARN_UNINITIALIZED_AUTOS = YES_AGGRESSIVE;
				GCC_WARN_UNUSED_FUNCTION = YES;
				GCC_WARN_UNUSED_VARIABLE = YES;
				IPHONEOS_DEPLOYMENT_TARGET = 7.1;
				SDKROOT = iphoneos;
				VALIDATE_PRODUCT = YES;
			};
			name = Release;
		};
		BCB1C5C61922BEA500B61400 /* Debug */ = {
			isa = XCBuildConfiguration;
			buildSettings = {
				ASSETCATALOG_COMPILER_APPICON_NAME = AppIcon;
				ASSETCATALOG_COMPILER_LAUNCHIMAGE_NAME = LaunchImage;
				GCC_PRECOMPILE_PREFIX_HEADER = YES;
				GCC_PREFIX_HEADER = "CardGame/CardGame-Prefix.pch";
				INFOPLIST_FILE = "CardGame/CardGame-Info.plist";
				PRODUCT_NAME = "$(TARGET_NAME)";
				WRAPPER_EXTENSION = app;
			};
			name = Debug;
		};
		BCB1C5C71922BEA500B61400 /* Release */ = {
			isa = XCBuildConfiguration;
			buildSettings = {
				ASSETCATALOG_COMPILER_APPICON_NAME = AppIcon;
				ASSETCATALOG_COMPILER_LAUNCHIMAGE_NAME = LaunchImage;
				GCC_PRECOMPILE_PREFIX_HEADER = YES;
				GCC_PREFIX_HEADER = "CardGame/CardGame-Prefix.pch";
				INFOPLIST_FILE = "CardGame/CardGame-Info.plist";
				PRODUCT_NAME = "$(TARGET_NAME)";
				WRAPPER_EXTENSION = app;
			};
			name = Release;
		};
		BCB1C5C91922BEA500B61400 /* Debug */ = {
			isa = XCBuildConfiguration;
			buildSettings = {
				BUNDLE_LOADER = "$(BUILT_PRODUCTS_DIR)/CardGame.app/CardGame";
				FRAMEWORK_SEARCH_PATHS = (
					"$(SDKROOT)/Developer/Library/Frameworks",
					"$(inherited)",
					"$(DEVELOPER_FRAMEWORKS_DIR)",
				);
				GCC_PRECOMPILE_PREFIX_HEADER = YES;
				GCC_PREFIX_HEADER = "CardGame/CardGame-Prefix.pch";
				GCC_PREPROCESSOR_DEFINITIONS = (
					"DEBUG=1",
					"$(inherited)",
				);
				INFOPLIST_FILE = "CardGameTests/CardGameTests-Info.plist";
				PRODUCT_NAME = "$(TARGET_NAME)";
				TEST_HOST = "$(BUNDLE_LOADER)";
				WRAPPER_EXTENSION = xctest;
			};
			name = Debug;
		};
		BCB1C5CA1922BEA500B61400 /* Release */ = {
			isa = XCBuildConfiguration;
			buildSettings = {
				BUNDLE_LOADER = "$(BUILT_PRODUCTS_DIR)/CardGame.app/CardGame";
				FRAMEWORK_SEARCH_PATHS = (
					"$(SDKROOT)/Developer/Library/Frameworks",
					"$(inherited)",
					"$(DEVELOPER_FRAMEWORKS_DIR)",
				);
				GCC_PRECOMPILE_PREFIX_HEADER = YES;
				GCC_PREFIX_HEADER = "CardGame/CardGame-Prefix.pch";
				INFOPLIST_FILE = "CardGameTests/CardGameTests-Info.plist";
				PRODUCT_NAME = "$(TARGET_NAME)";
				TEST_HOST = "$(BUNDLE_LOADER)";
				WRAPPER_EXTENSION = xctest;
			};
			name = Release;
		};
/* End XCBuildConfiguration section */

/* Begin XCConfigurationList section */
		BCB1C58E1922BEA300B61400 /* Build configuration list for PBXProject "CardGame" */ = {
			isa = XCConfigurationList;
			buildConfigurations = (
				BCB1C5C31922BEA500B61400 /* Debug */,
				BCB1C5C41922BEA500B61400 /* Release */,
			);
			defaultConfigurationIsVisible = 0;
			defaultConfigurationName = Release;
		};
		BCB1C5C51922BEA500B61400 /* Build configuration list for PBXNativeTarget "CardGame" */ = {
			isa = XCConfigurationList;
			buildConfigurations = (
				BCB1C5C61922BEA500B61400 /* Debug */,
				BCB1C5C71922BEA500B61400 /* Release */,
			);
			defaultConfigurationIsVisible = 0;
			defaultConfigurationName = Release;
		};
		BCB1C5C81922BEA500B61400 /* Build configuration list for PBXNativeTarget "CardGameTests" */ = {
			isa = XCConfigurationList;
			buildConfigurations = (
				BCB1C5C91922BEA500B61400 /* Debug */,
				BCB1C5CA1922BEA500B61400 /* Release */,
			);
			defaultConfigurationIsVisible = 0;
			defaultConfigurationName = Release;
		};
/* End XCConfigurationList section */
	};
	rootObject = BCB1C58B1922BEA300B61400 /* Project object */;
}
